// !$*UTF8*$!
{
	archiveVersion = 1;
	classes = {
	};
	objectVersion = 56;
	objects = {

/* Begin PBXBuildFile section */
		2CA96A7E2B0A7D00007074F8 /* AppDelegate.swift in Sources */ = {isa = PBXBuildFile; fileRef = 2CA96A7D2B0A7D00007074F8 /* AppDelegate.swift */; };
		2CA96A802B0A7D00007074F8 /* SceneDelegate.swift in Sources */ = {isa = PBXBuildFile; fileRef = 2CA96A7F2B0A7D00007074F8 /* SceneDelegate.swift */; };
		2CA96A822B0A7D00007074F8 /* TodayViewController.swift in Sources */ = {isa = PBXBuildFile; fileRef = 2CA96A812B0A7D00007074F8 /* TodayViewController.swift */; };
		2CA96A872B0A7D01007074F8 /* Assets.xcassets in Resources */ = {isa = PBXBuildFile; fileRef = 2CA96A862B0A7D01007074F8 /* Assets.xcassets */; };
		2CA96A9F2B0A7F62007074F8 /* SnapKit in Frameworks */ = {isa = PBXBuildFile; productRef = 2CA96A9E2B0A7F62007074F8 /* SnapKit */; };
		2CA96AA12B0A7F62007074F8 /* SnapKit-Dynamic in Frameworks */ = {isa = PBXBuildFile; productRef = 2CA96AA02B0A7F62007074F8 /* SnapKit-Dynamic */; };
		2CA96AA32B0A7FC9007074F8 /* Image.swift in Sources */ = {isa = PBXBuildFile; fileRef = 2CA96AA22B0A7FC9007074F8 /* Image.swift */; };
		2CA96AA52B0A8286007074F8 /* SpoqaHanSansNeo-Bold.otf in Resources */ = {isa = PBXBuildFile; fileRef = 2CA96AA42B0A8286007074F8 /* SpoqaHanSansNeo-Bold.otf */; };
		2CA96AA72B0A828C007074F8 /* SpoqaHanSansNeo-Medium.otf in Resources */ = {isa = PBXBuildFile; fileRef = 2CA96AA62B0A828C007074F8 /* SpoqaHanSansNeo-Medium.otf */; };
		2CA96AA92B0A8291007074F8 /* SpoqaHanSansNeo-Regular.otf in Resources */ = {isa = PBXBuildFile; fileRef = 2CA96AA82B0A8291007074F8 /* SpoqaHanSansNeo-Regular.otf */; };
		2CA96AAB2B0A8314007074F8 /* UIFont+.swift in Sources */ = {isa = PBXBuildFile; fileRef = 2CA96AAA2B0A8314007074F8 /* UIFont+.swift */; };
		2CA96AAE2B0A8578007074F8 /* Kingfisher in Frameworks */ = {isa = PBXBuildFile; productRef = 2CA96AAD2B0A8578007074F8 /* Kingfisher */; };
		2CA96AB02B0A8590007074F8 /* UIImageView+.swift in Sources */ = {isa = PBXBuildFile; fileRef = 2CA96AAF2B0A8590007074F8 /* UIImageView+.swift */; };
		2CA96AB22B0A85AE007074F8 /* UIButton+.swift in Sources */ = {isa = PBXBuildFile; fileRef = 2CA96AB12B0A85AE007074F8 /* UIButton+.swift */; };
		2CA96AB42B0A865B007074F8 /* UIColor+.swift in Sources */ = {isa = PBXBuildFile; fileRef = 2CA96AB32B0A865B007074F8 /* UIColor+.swift */; };
		2CA96AB62B0A8A11007074F8 /* UIView+.swift in Sources */ = {isa = PBXBuildFile; fileRef = 2CA96AB52B0A8A11007074F8 /* UIView+.swift */; };
		3CBFE3C82B0DBD520057A3F5 /* UIStackView+.swift in Sources */ = {isa = PBXBuildFile; fileRef = 3CBFE3C72B0DBD520057A3F5 /* UIStackView+.swift */; };
		3CBFE3CA2B0DBD670057A3F5 /* CALayer+.swift in Sources */ = {isa = PBXBuildFile; fileRef = 3CBFE3C92B0DBD670057A3F5 /* CALayer+.swift */; };
		3CBFE3D22B0DBE310057A3F5 /* DetailViewController.swift in Sources */ = {isa = PBXBuildFile; fileRef = 3CBFE3D12B0DBE310057A3F5 /* DetailViewController.swift */; };
		CD0B98C62B0DA34900CACFA1 /* BestView.swift in Sources */ = {isa = PBXBuildFile; fileRef = CD0B98C52B0DA34900CACFA1 /* BestView.swift */; };
		CD38E04D2B0F4F87001C979C /* MyLibraryViewController.swift in Sources */ = {isa = PBXBuildFile; fileRef = CD38E04C2B0F4F87001C979C /* MyLibraryViewController.swift */; };
		CD38E04F2B0F4FEF001C979C /* MyLibraryView.swift in Sources */ = {isa = PBXBuildFile; fileRef = CD38E04E2B0F4FEF001C979C /* MyLibraryView.swift */; };
		CD38E0512B0F5A67001C979C /* MyLibraryFollowView.swift in Sources */ = {isa = PBXBuildFile; fileRef = CD38E0502B0F5A67001C979C /* MyLibraryFollowView.swift */; };
		CD38E0532B0F5D6C001C979C /* MyLibraryBookmarkView.swift in Sources */ = {isa = PBXBuildFile; fileRef = CD38E0522B0F5D6C001C979C /* MyLibraryBookmarkView.swift */; };
		CD38E0552B0F6257001C979C /* MyLibraryShelfStackView.swift in Sources */ = {isa = PBXBuildFile; fileRef = CD38E0542B0F6257001C979C /* MyLibraryShelfStackView.swift */; };
		CD38E0592B0F68EB001C979C /* MyLibraryShelfView.swift in Sources */ = {isa = PBXBuildFile; fileRef = CD38E0582B0F68EB001C979C /* MyLibraryShelfView.swift */; };
		CD38E05C2B0F6D46001C979C /* MyLibraryModel.swift in Sources */ = {isa = PBXBuildFile; fileRef = CD38E05B2B0F6D46001C979C /* MyLibraryModel.swift */; };
		CD38E05E2B0F6DEA001C979C /* MyLibraryDummy.swift in Sources */ = {isa = PBXBuildFile; fileRef = CD38E05D2B0F6DEA001C979C /* MyLibraryDummy.swift */; };
		CD38E0622B0F70F9001C979C /* MyLibraryBookView.swift in Sources */ = {isa = PBXBuildFile; fileRef = CD38E0612B0F70F9001C979C /* MyLibraryBookView.swift */; };
		CD38E0672B0F7D40001C979C /* MyLibraryShelfCategoryView.swift in Sources */ = {isa = PBXBuildFile; fileRef = CD38E0662B0F7D3F001C979C /* MyLibraryShelfCategoryView.swift */; };
		CD38E0692B0F7D7E001C979C /* MyLibraryShelfCategoryStackView.swift in Sources */ = {isa = PBXBuildFile; fileRef = CD38E0682B0F7D7E001C979C /* MyLibraryShelfCategoryStackView.swift */; };
		CD4DF3702B0D05F700FA2EC7 /* BooksDummy.swift in Sources */ = {isa = PBXBuildFile; fileRef = CD4DF36F2B0D05F700FA2EC7 /* BooksDummy.swift */; };
		CD7925AE2B0C6E0500C4823D /* BestViewController.swift in Sources */ = {isa = PBXBuildFile; fileRef = CD7925AD2B0C6E0500C4823D /* BestViewController.swift */; };
		CD7925B12B0C810800C4823D /* BestCategoryView.swift in Sources */ = {isa = PBXBuildFile; fileRef = CD7925B02B0C810800C4823D /* BestCategoryView.swift */; };
		CD7925B32B0C842900C4823D /* BestCategoryStackView.swift in Sources */ = {isa = PBXBuildFile; fileRef = CD7925B22B0C842900C4823D /* BestCategoryStackView.swift */; };
		CD7925BA2B0CBBD000C4823D /* BestModel.swift in Sources */ = {isa = PBXBuildFile; fileRef = CD7925B92B0CBBD000C4823D /* BestModel.swift */; };
		CD7925BF2B0CC31300C4823D /* BestTableViewCell.swift in Sources */ = {isa = PBXBuildFile; fileRef = CD7925BE2B0CC31300C4823D /* BestTableViewCell.swift */; };
/* End PBXBuildFile section */

/* Begin PBXFileReference section */
		2CA96A7A2B0A7D00007074F8 /* Millie_iOS.app */ = {isa = PBXFileReference; explicitFileType = wrapper.application; includeInIndex = 0; path = Millie_iOS.app; sourceTree = BUILT_PRODUCTS_DIR; };
		2CA96A7D2B0A7D00007074F8 /* AppDelegate.swift */ = {isa = PBXFileReference; lastKnownFileType = sourcecode.swift; path = AppDelegate.swift; sourceTree = "<group>"; };
		2CA96A7F2B0A7D00007074F8 /* SceneDelegate.swift */ = {isa = PBXFileReference; lastKnownFileType = sourcecode.swift; path = SceneDelegate.swift; sourceTree = "<group>"; };
		2CA96A812B0A7D00007074F8 /* TodayViewController.swift */ = {isa = PBXFileReference; lastKnownFileType = sourcecode.swift; path = TodayViewController.swift; sourceTree = "<group>"; };
		2CA96A862B0A7D01007074F8 /* Assets.xcassets */ = {isa = PBXFileReference; lastKnownFileType = folder.assetcatalog; path = Assets.xcassets; sourceTree = "<group>"; };
		2CA96A8B2B0A7D01007074F8 /* Info.plist */ = {isa = PBXFileReference; lastKnownFileType = text.plist.xml; path = Info.plist; sourceTree = "<group>"; };
		2CA96AA22B0A7FC9007074F8 /* Image.swift */ = {isa = PBXFileReference; lastKnownFileType = sourcecode.swift; path = Image.swift; sourceTree = "<group>"; };
		2CA96AA42B0A8286007074F8 /* SpoqaHanSansNeo-Bold.otf */ = {isa = PBXFileReference; lastKnownFileType = file; path = "SpoqaHanSansNeo-Bold.otf"; sourceTree = "<group>"; };
		2CA96AA62B0A828C007074F8 /* SpoqaHanSansNeo-Medium.otf */ = {isa = PBXFileReference; lastKnownFileType = file; path = "SpoqaHanSansNeo-Medium.otf"; sourceTree = "<group>"; };
		2CA96AA82B0A8291007074F8 /* SpoqaHanSansNeo-Regular.otf */ = {isa = PBXFileReference; lastKnownFileType = file; path = "SpoqaHanSansNeo-Regular.otf"; sourceTree = "<group>"; };
		2CA96AAA2B0A8314007074F8 /* UIFont+.swift */ = {isa = PBXFileReference; lastKnownFileType = sourcecode.swift; path = "UIFont+.swift"; sourceTree = "<group>"; };
		2CA96AAF2B0A8590007074F8 /* UIImageView+.swift */ = {isa = PBXFileReference; lastKnownFileType = sourcecode.swift; path = "UIImageView+.swift"; sourceTree = "<group>"; };
		2CA96AB12B0A85AE007074F8 /* UIButton+.swift */ = {isa = PBXFileReference; lastKnownFileType = sourcecode.swift; path = "UIButton+.swift"; sourceTree = "<group>"; };
		2CA96AB32B0A865B007074F8 /* UIColor+.swift */ = {isa = PBXFileReference; lastKnownFileType = sourcecode.swift; path = "UIColor+.swift"; sourceTree = "<group>"; };
		2CA96AB52B0A8A11007074F8 /* UIView+.swift */ = {isa = PBXFileReference; lastKnownFileType = sourcecode.swift; path = "UIView+.swift"; sourceTree = "<group>"; };
		3CBFE3C72B0DBD520057A3F5 /* UIStackView+.swift */ = {isa = PBXFileReference; lastKnownFileType = sourcecode.swift; path = "UIStackView+.swift"; sourceTree = "<group>"; };
		3CBFE3C92B0DBD670057A3F5 /* CALayer+.swift */ = {isa = PBXFileReference; lastKnownFileType = sourcecode.swift; path = "CALayer+.swift"; sourceTree = "<group>"; };
		3CBFE3D12B0DBE310057A3F5 /* DetailViewController.swift */ = {isa = PBXFileReference; fileEncoding = 4; lastKnownFileType = sourcecode.swift; path = DetailViewController.swift; sourceTree = "<group>"; };
		CD0B98C52B0DA34900CACFA1 /* BestView.swift */ = {isa = PBXFileReference; lastKnownFileType = sourcecode.swift; path = BestView.swift; sourceTree = "<group>"; };
		CD38E04C2B0F4F87001C979C /* MyLibraryViewController.swift */ = {isa = PBXFileReference; lastKnownFileType = sourcecode.swift; path = MyLibraryViewController.swift; sourceTree = "<group>"; };
		CD38E04E2B0F4FEF001C979C /* MyLibraryView.swift */ = {isa = PBXFileReference; lastKnownFileType = sourcecode.swift; path = MyLibraryView.swift; sourceTree = "<group>"; };
		CD38E0502B0F5A67001C979C /* MyLibraryFollowView.swift */ = {isa = PBXFileReference; lastKnownFileType = sourcecode.swift; path = MyLibraryFollowView.swift; sourceTree = "<group>"; };
		CD38E0522B0F5D6C001C979C /* MyLibraryBookmarkView.swift */ = {isa = PBXFileReference; lastKnownFileType = sourcecode.swift; path = MyLibraryBookmarkView.swift; sourceTree = "<group>"; };
		CD38E0542B0F6257001C979C /* MyLibraryShelfStackView.swift */ = {isa = PBXFileReference; lastKnownFileType = sourcecode.swift; path = MyLibraryShelfStackView.swift; sourceTree = "<group>"; };
		CD38E0582B0F68EB001C979C /* MyLibraryShelfView.swift */ = {isa = PBXFileReference; lastKnownFileType = sourcecode.swift; path = MyLibraryShelfView.swift; sourceTree = "<group>"; };
		CD38E05B2B0F6D46001C979C /* MyLibraryModel.swift */ = {isa = PBXFileReference; lastKnownFileType = sourcecode.swift; path = MyLibraryModel.swift; sourceTree = "<group>"; };
		CD38E05D2B0F6DEA001C979C /* MyLibraryDummy.swift */ = {isa = PBXFileReference; lastKnownFileType = sourcecode.swift; path = MyLibraryDummy.swift; sourceTree = "<group>"; };
		CD38E0612B0F70F9001C979C /* MyLibraryBookView.swift */ = {isa = PBXFileReference; lastKnownFileType = sourcecode.swift; path = MyLibraryBookView.swift; sourceTree = "<group>"; };
		CD38E0662B0F7D3F001C979C /* MyLibraryShelfCategoryView.swift */ = {isa = PBXFileReference; lastKnownFileType = sourcecode.swift; path = MyLibraryShelfCategoryView.swift; sourceTree = "<group>"; };
		CD38E0682B0F7D7E001C979C /* MyLibraryShelfCategoryStackView.swift */ = {isa = PBXFileReference; lastKnownFileType = sourcecode.swift; path = MyLibraryShelfCategoryStackView.swift; sourceTree = "<group>"; };
		CD4DF36F2B0D05F700FA2EC7 /* BooksDummy.swift */ = {isa = PBXFileReference; lastKnownFileType = sourcecode.swift; path = BooksDummy.swift; sourceTree = "<group>"; };
		CD7925AD2B0C6E0500C4823D /* BestViewController.swift */ = {isa = PBXFileReference; lastKnownFileType = sourcecode.swift; path = BestViewController.swift; sourceTree = "<group>"; };
		CD7925B02B0C810800C4823D /* BestCategoryView.swift */ = {isa = PBXFileReference; lastKnownFileType = sourcecode.swift; path = BestCategoryView.swift; sourceTree = "<group>"; };
		CD7925B22B0C842900C4823D /* BestCategoryStackView.swift */ = {isa = PBXFileReference; lastKnownFileType = sourcecode.swift; path = BestCategoryStackView.swift; sourceTree = "<group>"; };
		CD7925B92B0CBBD000C4823D /* BestModel.swift */ = {isa = PBXFileReference; lastKnownFileType = sourcecode.swift; path = BestModel.swift; sourceTree = "<group>"; };
		CD7925BE2B0CC31300C4823D /* BestTableViewCell.swift */ = {isa = PBXFileReference; lastKnownFileType = sourcecode.swift; path = BestTableViewCell.swift; sourceTree = "<group>"; };
/* End PBXFileReference section */

/* Begin PBXFrameworksBuildPhase section */
		2CA96A772B0A7D00007074F8 /* Frameworks */ = {
			isa = PBXFrameworksBuildPhase;
			buildActionMask = 2147483647;
			files = (
				2CA96AAE2B0A8578007074F8 /* Kingfisher in Frameworks */,
				2CA96A9F2B0A7F62007074F8 /* SnapKit in Frameworks */,
				2CA96AA12B0A7F62007074F8 /* SnapKit-Dynamic in Frameworks */,
			);
			runOnlyForDeploymentPostprocessing = 0;
		};
/* End PBXFrameworksBuildPhase section */

/* Begin PBXGroup section */
		2CA96A712B0A7D00007074F8 = {
			isa = PBXGroup;
			children = (
				2CA96A7C2B0A7D00007074F8 /* Millie_iOS */,
				2CA96A7B2B0A7D00007074F8 /* Products */,
			);
			sourceTree = "<group>";
		};
		2CA96A7B2B0A7D00007074F8 /* Products */ = {
			isa = PBXGroup;
			children = (
				2CA96A7A2B0A7D00007074F8 /* Millie_iOS.app */,
			);
			name = Products;
			sourceTree = "<group>";
		};
		2CA96A7C2B0A7D00007074F8 /* Millie_iOS */ = {
			isa = PBXGroup;
			children = (
				2CA96A912B0A7DF4007074F8 /* Resource */,
				2CA96A922B0A7DFF007074F8 /* Source */,
				2CA96A7D2B0A7D00007074F8 /* AppDelegate.swift */,
				2CA96A7F2B0A7D00007074F8 /* SceneDelegate.swift */,
				2CA96A8B2B0A7D01007074F8 /* Info.plist */,
			);
			path = Millie_iOS;
			sourceTree = "<group>";
		};
		2CA96A912B0A7DF4007074F8 /* Resource */ = {
			isa = PBXGroup;
			children = (
				2CA96A932B0A7E13007074F8 /* Constants */,
				2CA96A942B0A7E1D007074F8 /* Extensions */,
				2CA96A952B0A7E37007074F8 /* Fonts */,
				2CA96A862B0A7D01007074F8 /* Assets.xcassets */,
			);
			path = Resource;
			sourceTree = "<group>";
		};
		2CA96A922B0A7DFF007074F8 /* Source */ = {
			isa = PBXGroup;
			children = (
				2CA96A972B0A7E5C007074F8 /* Presentation */,
				2CA96A982B0A7E63007074F8 /* Data */,
				2CA96A992B0A7E67007074F8 /* Network */,
			);
			path = Source;
			sourceTree = "<group>";
		};
		2CA96A932B0A7E13007074F8 /* Constants */ = {
			isa = PBXGroup;
			children = (
				2CA96AA22B0A7FC9007074F8 /* Image.swift */,
			);
			path = Constants;
			sourceTree = "<group>";
		};
		2CA96A942B0A7E1D007074F8 /* Extensions */ = {
			isa = PBXGroup;
			children = (
				2CA96AAA2B0A8314007074F8 /* UIFont+.swift */,
				2CA96AAF2B0A8590007074F8 /* UIImageView+.swift */,
				2CA96AB12B0A85AE007074F8 /* UIButton+.swift */,
				2CA96AB32B0A865B007074F8 /* UIColor+.swift */,
				2CA96AB52B0A8A11007074F8 /* UIView+.swift */,
				3CBFE3C72B0DBD520057A3F5 /* UIStackView+.swift */,
				3CBFE3C92B0DBD670057A3F5 /* CALayer+.swift */,
			);
			path = Extensions;
			sourceTree = "<group>";
		};
		2CA96A952B0A7E37007074F8 /* Fonts */ = {
			isa = PBXGroup;
			children = (
				2CA96AA42B0A8286007074F8 /* SpoqaHanSansNeo-Bold.otf */,
				2CA96AA62B0A828C007074F8 /* SpoqaHanSansNeo-Medium.otf */,
				2CA96AA82B0A8291007074F8 /* SpoqaHanSansNeo-Regular.otf */,
			);
			path = Fonts;
			sourceTree = "<group>";
		};
		2CA96A972B0A7E5C007074F8 /* Presentation */ = {
			isa = PBXGroup;
			children = (
				CD38E0492B0F4F61001C979C /* MyLibrary */,
				3CBFE3CE2B0DBE020057A3F5 /* Detail */,
				CD7925AA2B0C6DEA00C4823D /* Best */,
				2CA96A9A2B0A7F02007074F8 /* Today */,
			);
			path = Presentation;
			sourceTree = "<group>";
		};
		2CA96A982B0A7E63007074F8 /* Data */ = {
			isa = PBXGroup;
			children = (
				CD38E05A2B0F6D2C001C979C /* MyLibraryModel */,
				CD7925B42B0CBB3600C4823D /* BestModel */,
			);
			path = Data;
			sourceTree = "<group>";
		};
		2CA96A992B0A7E67007074F8 /* Network */ = {
			isa = PBXGroup;
			children = (
			);
			path = Network;
			sourceTree = "<group>";
		};
		2CA96A9A2B0A7F02007074F8 /* Today */ = {
			isa = PBXGroup;
			children = (
				2CA96A9C2B0A7F13007074F8 /* ViewController */,
				2CA96A9B2B0A7F09007074F8 /* View */,
			);
			path = Today;
			sourceTree = "<group>";
		};
		2CA96A9B2B0A7F09007074F8 /* View */ = {
			isa = PBXGroup;
			children = (
			);
			path = View;
			sourceTree = "<group>";
		};
		2CA96A9C2B0A7F13007074F8 /* ViewController */ = {
			isa = PBXGroup;
			children = (
				2CA96A812B0A7D00007074F8 /* TodayViewController.swift */,
			);
			path = ViewController;
			sourceTree = "<group>";
		};
		3CBFE3CE2B0DBE020057A3F5 /* Detail */ = {
			isa = PBXGroup;
			children = (
				3CBFE3D02B0DBE170057A3F5 /* ViewController */,
				3CBFE3CF2B0DBE100057A3F5 /* View */,
			);
			path = Detail;
			sourceTree = "<group>";
		};
		3CBFE3CF2B0DBE100057A3F5 /* View */ = {
			isa = PBXGroup;
			children = (
			);
			path = View;
			sourceTree = "<group>";
		};
		3CBFE3D02B0DBE170057A3F5 /* ViewController */ = {
			isa = PBXGroup;
			children = (
				3CBFE3D12B0DBE310057A3F5 /* DetailViewController.swift */,
			);
			path = ViewController;
			sourceTree = "<group>";
		};
		CD38E0492B0F4F61001C979C /* MyLibrary */ = {
			isa = PBXGroup;
			children = (
				CD38E04B2B0F4F75001C979C /* View */,
				CD38E04A2B0F4F6A001C979C /* ViewController */,
			);
			path = MyLibrary;
			sourceTree = "<group>";
		};
		CD38E04A2B0F4F6A001C979C /* ViewController */ = {
			isa = PBXGroup;
			children = (
				CD38E04C2B0F4F87001C979C /* MyLibraryViewController.swift */,
			);
			path = ViewController;
			sourceTree = "<group>";
		};
		CD38E04B2B0F4F75001C979C /* View */ = {
			isa = PBXGroup;
			children = (
				CD38E04E2B0F4FEF001C979C /* MyLibraryView.swift */,
				CD38E0502B0F5A67001C979C /* MyLibraryFollowView.swift */,
				CD38E0522B0F5D6C001C979C /* MyLibraryBookmarkView.swift */,
				CD38E0542B0F6257001C979C /* MyLibraryShelfStackView.swift */,
				CD38E0582B0F68EB001C979C /* MyLibraryShelfView.swift */,
				CD38E0612B0F70F9001C979C /* MyLibraryBookView.swift */,
				CD38E0662B0F7D3F001C979C /* MyLibraryShelfCategoryView.swift */,
				CD38E0682B0F7D7E001C979C /* MyLibraryShelfCategoryStackView.swift */,
			);
			path = View;
			sourceTree = "<group>";
		};
		CD38E05A2B0F6D2C001C979C /* MyLibraryModel */ = {
			isa = PBXGroup;
			children = (
				CD38E05B2B0F6D46001C979C /* MyLibraryModel.swift */,
				CD38E05D2B0F6DEA001C979C /* MyLibraryDummy.swift */,
			);
			path = MyLibraryModel;
			sourceTree = "<group>";
		};
		CD7925AA2B0C6DEA00C4823D /* Best */ = {
			isa = PBXGroup;
			children = (
				CD7925BD2B0CC2E500C4823D /* Cell */,
				CD7925AF2B0C80E600C4823D /* View */,
				CD7925AB2B0C6DF300C4823D /* ViewController */,
			);
			path = Best;
			sourceTree = "<group>";
		};
		CD7925AB2B0C6DF300C4823D /* ViewController */ = {
			isa = PBXGroup;
			children = (
				CD7925AD2B0C6E0500C4823D /* BestViewController.swift */,
			);
			path = ViewController;
			sourceTree = "<group>";
		};
		CD7925AF2B0C80E600C4823D /* View */ = {
			isa = PBXGroup;
			children = (
				CD7925B02B0C810800C4823D /* BestCategoryView.swift */,
				CD7925B22B0C842900C4823D /* BestCategoryStackView.swift */,
				CD0B98C52B0DA34900CACFA1 /* BestView.swift */,
			);
			path = View;
			sourceTree = "<group>";
		};
		CD7925B42B0CBB3600C4823D /* BestModel */ = {
			isa = PBXGroup;
			children = (
				CD4DF36F2B0D05F700FA2EC7 /* BooksDummy.swift */,
				CD7925B92B0CBBD000C4823D /* BestModel.swift */,
			);
			path = BestModel;
			sourceTree = "<group>";
		};
		CD7925BD2B0CC2E500C4823D /* Cell */ = {
			isa = PBXGroup;
			children = (
				CD7925BE2B0CC31300C4823D /* BestTableViewCell.swift */,
			);
			path = Cell;
			sourceTree = "<group>";
		};
/* End PBXGroup section */

/* Begin PBXNativeTarget section */
		2CA96A792B0A7D00007074F8 /* Millie_iOS */ = {
			isa = PBXNativeTarget;
			buildConfigurationList = 2CA96A8E2B0A7D01007074F8 /* Build configuration list for PBXNativeTarget "Millie_iOS" */;
			buildPhases = (
				2CA96A762B0A7D00007074F8 /* Sources */,
				2CA96A772B0A7D00007074F8 /* Frameworks */,
				2CA96A782B0A7D00007074F8 /* Resources */,
			);
			buildRules = (
			);
			dependencies = (
			);
			name = Millie_iOS;
			packageProductDependencies = (
				2CA96A9E2B0A7F62007074F8 /* SnapKit */,
				2CA96AA02B0A7F62007074F8 /* SnapKit-Dynamic */,
				2CA96AAD2B0A8578007074F8 /* Kingfisher */,
			);
			productName = Millie_iOS;
			productReference = 2CA96A7A2B0A7D00007074F8 /* Millie_iOS.app */;
			productType = "com.apple.product-type.application";
		};
/* End PBXNativeTarget section */

/* Begin PBXProject section */
		2CA96A722B0A7D00007074F8 /* Project object */ = {
			isa = PBXProject;
			attributes = {
				BuildIndependentTargetsInParallel = 1;
				LastSwiftUpdateCheck = 1500;
				LastUpgradeCheck = 1500;
				TargetAttributes = {
					2CA96A792B0A7D00007074F8 = {
						CreatedOnToolsVersion = 15.0.1;
					};
				};
			};
			buildConfigurationList = 2CA96A752B0A7D00007074F8 /* Build configuration list for PBXProject "Millie_iOS" */;
			compatibilityVersion = "Xcode 14.0";
			developmentRegion = en;
			hasScannedForEncodings = 0;
			knownRegions = (
				en,
				Base,
			);
			mainGroup = 2CA96A712B0A7D00007074F8;
			packageReferences = (
				2CA96A9D2B0A7F62007074F8 /* XCRemoteSwiftPackageReference "SnapKit" */,
				2CA96AAC2B0A8578007074F8 /* XCRemoteSwiftPackageReference "Kingfisher" */,
			);
			productRefGroup = 2CA96A7B2B0A7D00007074F8 /* Products */;
			projectDirPath = "";
			projectRoot = "";
			targets = (
				2CA96A792B0A7D00007074F8 /* Millie_iOS */,
			);
		};
/* End PBXProject section */

/* Begin PBXResourcesBuildPhase section */
		2CA96A782B0A7D00007074F8 /* Resources */ = {
			isa = PBXResourcesBuildPhase;
			buildActionMask = 2147483647;
			files = (
				2CA96A872B0A7D01007074F8 /* Assets.xcassets in Resources */,
				2CA96AA52B0A8286007074F8 /* SpoqaHanSansNeo-Bold.otf in Resources */,
				2CA96AA72B0A828C007074F8 /* SpoqaHanSansNeo-Medium.otf in Resources */,
				2CA96AA92B0A8291007074F8 /* SpoqaHanSansNeo-Regular.otf in Resources */,
			);
			runOnlyForDeploymentPostprocessing = 0;
		};
/* End PBXResourcesBuildPhase section */

/* Begin PBXSourcesBuildPhase section */
		2CA96A762B0A7D00007074F8 /* Sources */ = {
			isa = PBXSourcesBuildPhase;
			buildActionMask = 2147483647;
			files = (
				CD7925AE2B0C6E0500C4823D /* BestViewController.swift in Sources */,
				CD7925BA2B0CBBD000C4823D /* BestModel.swift in Sources */,
				CD38E0552B0F6257001C979C /* MyLibraryShelfStackView.swift in Sources */,
				CD38E04D2B0F4F87001C979C /* MyLibraryViewController.swift in Sources */,
				CD38E0512B0F5A67001C979C /* MyLibraryFollowView.swift in Sources */,
				CD38E0672B0F7D40001C979C /* MyLibraryShelfCategoryView.swift in Sources */,
				CD0B98C62B0DA34900CACFA1 /* BestView.swift in Sources */,
				CD7925B32B0C842900C4823D /* BestCategoryStackView.swift in Sources */,
				2CA96AB02B0A8590007074F8 /* UIImageView+.swift in Sources */,
				2CA96AB42B0A865B007074F8 /* UIColor+.swift in Sources */,
				CD38E0592B0F68EB001C979C /* MyLibraryShelfView.swift in Sources */,
				2CA96AB22B0A85AE007074F8 /* UIButton+.swift in Sources */,
				3CBFE3CA2B0DBD670057A3F5 /* CALayer+.swift in Sources */,
				2CA96A822B0A7D00007074F8 /* TodayViewController.swift in Sources */,
				CD4DF3702B0D05F700FA2EC7 /* BooksDummy.swift in Sources */,
				CD38E0532B0F5D6C001C979C /* MyLibraryBookmarkView.swift in Sources */,
				3CBFE3D22B0DBE310057A3F5 /* DetailViewController.swift in Sources */,
				CD7925B12B0C810800C4823D /* BestCategoryView.swift in Sources */,
				CD38E0622B0F70F9001C979C /* MyLibraryBookView.swift in Sources */,
				CD38E05C2B0F6D46001C979C /* MyLibraryModel.swift in Sources */,
				2CA96AA32B0A7FC9007074F8 /* Image.swift in Sources */,
				2CA96AAB2B0A8314007074F8 /* UIFont+.swift in Sources */,
				2CA96AB62B0A8A11007074F8 /* UIView+.swift in Sources */,
				2CA96A7E2B0A7D00007074F8 /* AppDelegate.swift in Sources */,
				2CA96A802B0A7D00007074F8 /* SceneDelegate.swift in Sources */,
				3CBFE3C82B0DBD520057A3F5 /* UIStackView+.swift in Sources */,
				CD7925BF2B0CC31300C4823D /* BestTableViewCell.swift in Sources */,
				CD38E05E2B0F6DEA001C979C /* MyLibraryDummy.swift in Sources */,
				CD38E0692B0F7D7E001C979C /* MyLibraryShelfCategoryStackView.swift in Sources */,
				CD38E04F2B0F4FEF001C979C /* MyLibraryView.swift in Sources */,
			);
			runOnlyForDeploymentPostprocessing = 0;
		};
/* End PBXSourcesBuildPhase section */

/* Begin XCBuildConfiguration section */
		2CA96A8C2B0A7D01007074F8 /* Debug */ = {
			isa = XCBuildConfiguration;
			buildSettings = {
				ALWAYS_SEARCH_USER_PATHS = NO;
				ASSETCATALOG_COMPILER_GENERATE_SWIFT_ASSET_SYMBOL_EXTENSIONS = YES;
				CLANG_ANALYZER_NONNULL = YES;
				CLANG_ANALYZER_NUMBER_OBJECT_CONVERSION = YES_AGGRESSIVE;
				CLANG_CXX_LANGUAGE_STANDARD = "gnu++20";
				CLANG_ENABLE_MODULES = YES;
				CLANG_ENABLE_OBJC_ARC = YES;
				CLANG_ENABLE_OBJC_WEAK = YES;
				CLANG_WARN_BLOCK_CAPTURE_AUTORELEASING = YES;
				CLANG_WARN_BOOL_CONVERSION = YES;
				CLANG_WARN_COMMA = YES;
				CLANG_WARN_CONSTANT_CONVERSION = YES;
				CLANG_WARN_DEPRECATED_OBJC_IMPLEMENTATIONS = YES;
				CLANG_WARN_DIRECT_OBJC_ISA_USAGE = YES_ERROR;
				CLANG_WARN_DOCUMENTATION_COMMENTS = YES;
				CLANG_WARN_EMPTY_BODY = YES;
				CLANG_WARN_ENUM_CONVERSION = YES;
				CLANG_WARN_INFINITE_RECURSION = YES;
				CLANG_WARN_INT_CONVERSION = YES;
				CLANG_WARN_NON_LITERAL_NULL_CONVERSION = YES;
				CLANG_WARN_OBJC_IMPLICIT_RETAIN_SELF = YES;
				CLANG_WARN_OBJC_LITERAL_CONVERSION = YES;
				CLANG_WARN_OBJC_ROOT_CLASS = YES_ERROR;
				CLANG_WARN_QUOTED_INCLUDE_IN_FRAMEWORK_HEADER = YES;
				CLANG_WARN_RANGE_LOOP_ANALYSIS = YES;
				CLANG_WARN_STRICT_PROTOTYPES = YES;
				CLANG_WARN_SUSPICIOUS_MOVE = YES;
				CLANG_WARN_UNGUARDED_AVAILABILITY = YES_AGGRESSIVE;
				CLANG_WARN_UNREACHABLE_CODE = YES;
				CLANG_WARN__DUPLICATE_METHOD_MATCH = YES;
				COPY_PHASE_STRIP = NO;
				DEBUG_INFORMATION_FORMAT = dwarf;
				ENABLE_STRICT_OBJC_MSGSEND = YES;
				ENABLE_TESTABILITY = YES;
				ENABLE_USER_SCRIPT_SANDBOXING = YES;
				GCC_C_LANGUAGE_STANDARD = gnu17;
				GCC_DYNAMIC_NO_PIC = NO;
				GCC_NO_COMMON_BLOCKS = YES;
				GCC_OPTIMIZATION_LEVEL = 0;
				GCC_PREPROCESSOR_DEFINITIONS = (
					"DEBUG=1",
					"$(inherited)",
				);
				GCC_WARN_64_TO_32_BIT_CONVERSION = YES;
				GCC_WARN_ABOUT_RETURN_TYPE = YES_ERROR;
				GCC_WARN_UNDECLARED_SELECTOR = YES;
				GCC_WARN_UNINITIALIZED_AUTOS = YES_AGGRESSIVE;
				GCC_WARN_UNUSED_FUNCTION = YES;
				GCC_WARN_UNUSED_VARIABLE = YES;
				IPHONEOS_DEPLOYMENT_TARGET = 17.0;
				LOCALIZATION_PREFERS_STRING_CATALOGS = YES;
				MTL_ENABLE_DEBUG_INFO = INCLUDE_SOURCE;
				MTL_FAST_MATH = YES;
				ONLY_ACTIVE_ARCH = YES;
				SDKROOT = iphoneos;
				SWIFT_ACTIVE_COMPILATION_CONDITIONS = "DEBUG $(inherited)";
				SWIFT_OPTIMIZATION_LEVEL = "-Onone";
			};
			name = Debug;
		};
		2CA96A8D2B0A7D01007074F8 /* Release */ = {
			isa = XCBuildConfiguration;
			buildSettings = {
				ALWAYS_SEARCH_USER_PATHS = NO;
				ASSETCATALOG_COMPILER_GENERATE_SWIFT_ASSET_SYMBOL_EXTENSIONS = YES;
				CLANG_ANALYZER_NONNULL = YES;
				CLANG_ANALYZER_NUMBER_OBJECT_CONVERSION = YES_AGGRESSIVE;
				CLANG_CXX_LANGUAGE_STANDARD = "gnu++20";
				CLANG_ENABLE_MODULES = YES;
				CLANG_ENABLE_OBJC_ARC = YES;
				CLANG_ENABLE_OBJC_WEAK = YES;
				CLANG_WARN_BLOCK_CAPTURE_AUTORELEASING = YES;
				CLANG_WARN_BOOL_CONVERSION = YES;
				CLANG_WARN_COMMA = YES;
				CLANG_WARN_CONSTANT_CONVERSION = YES;
				CLANG_WARN_DEPRECATED_OBJC_IMPLEMENTATIONS = YES;
				CLANG_WARN_DIRECT_OBJC_ISA_USAGE = YES_ERROR;
				CLANG_WARN_DOCUMENTATION_COMMENTS = YES;
				CLANG_WARN_EMPTY_BODY = YES;
				CLANG_WARN_ENUM_CONVERSION = YES;
				CLANG_WARN_INFINITE_RECURSION = YES;
				CLANG_WARN_INT_CONVERSION = YES;
				CLANG_WARN_NON_LITERAL_NULL_CONVERSION = YES;
				CLANG_WARN_OBJC_IMPLICIT_RETAIN_SELF = YES;
				CLANG_WARN_OBJC_LITERAL_CONVERSION = YES;
				CLANG_WARN_OBJC_ROOT_CLASS = YES_ERROR;
				CLANG_WARN_QUOTED_INCLUDE_IN_FRAMEWORK_HEADER = YES;
				CLANG_WARN_RANGE_LOOP_ANALYSIS = YES;
				CLANG_WARN_STRICT_PROTOTYPES = YES;
				CLANG_WARN_SUSPICIOUS_MOVE = YES;
				CLANG_WARN_UNGUARDED_AVAILABILITY = YES_AGGRESSIVE;
				CLANG_WARN_UNREACHABLE_CODE = YES;
				CLANG_WARN__DUPLICATE_METHOD_MATCH = YES;
				COPY_PHASE_STRIP = NO;
				DEBUG_INFORMATION_FORMAT = "dwarf-with-dsym";
				ENABLE_NS_ASSERTIONS = NO;
				ENABLE_STRICT_OBJC_MSGSEND = YES;
				ENABLE_USER_SCRIPT_SANDBOXING = YES;
				GCC_C_LANGUAGE_STANDARD = gnu17;
				GCC_NO_COMMON_BLOCKS = YES;
				GCC_WARN_64_TO_32_BIT_CONVERSION = YES;
				GCC_WARN_ABOUT_RETURN_TYPE = YES_ERROR;
				GCC_WARN_UNDECLARED_SELECTOR = YES;
				GCC_WARN_UNINITIALIZED_AUTOS = YES_AGGRESSIVE;
				GCC_WARN_UNUSED_FUNCTION = YES;
				GCC_WARN_UNUSED_VARIABLE = YES;
				IPHONEOS_DEPLOYMENT_TARGET = 17.0;
				LOCALIZATION_PREFERS_STRING_CATALOGS = YES;
				MTL_ENABLE_DEBUG_INFO = NO;
				MTL_FAST_MATH = YES;
				SDKROOT = iphoneos;
				SWIFT_COMPILATION_MODE = wholemodule;
				VALIDATE_PRODUCT = YES;
			};
			name = Release;
		};
		2CA96A8F2B0A7D01007074F8 /* Debug */ = {
			isa = XCBuildConfiguration;
			buildSettings = {
				ASSETCATALOG_COMPILER_APPICON_NAME = AppIcon;
				ASSETCATALOG_COMPILER_GLOBAL_ACCENT_COLOR_NAME = AccentColor;
				CODE_SIGN_STYLE = Automatic;
				CURRENT_PROJECT_VERSION = 1;
				DEVELOPMENT_TEAM = L22KGAL4ND;
				GENERATE_INFOPLIST_FILE = YES;
				INFOPLIST_FILE = Millie_iOS/Info.plist;
				INFOPLIST_KEY_UIApplicationSupportsIndirectInputEvents = YES;
				INFOPLIST_KEY_UILaunchStoryboardName = LaunchScreen;
				INFOPLIST_KEY_UISupportedInterfaceOrientations_iPad = "UIInterfaceOrientationPortrait UIInterfaceOrientationPortraitUpsideDown UIInterfaceOrientationLandscapeLeft UIInterfaceOrientationLandscapeRight";
				INFOPLIST_KEY_UISupportedInterfaceOrientations_iPhone = "UIInterfaceOrientationPortrait UIInterfaceOrientationLandscapeLeft UIInterfaceOrientationLandscapeRight";
				LD_RUNPATH_SEARCH_PATHS = (
					"$(inherited)",
					"@executable_path/Frameworks",
				);
				MARKETING_VERSION = 1.0;
				PRODUCT_BUNDLE_IDENTIFIER = "shinjiwon.Millie-iOS";
				PRODUCT_NAME = "$(TARGET_NAME)";
				SWIFT_EMIT_LOC_STRINGS = YES;
				SWIFT_VERSION = 5.0;
				TARGETED_DEVICE_FAMILY = "1,2";
			};
			name = Debug;
		};
		2CA96A902B0A7D01007074F8 /* Release */ = {
			isa = XCBuildConfiguration;
			buildSettings = {
				ASSETCATALOG_COMPILER_APPICON_NAME = AppIcon;
				ASSETCATALOG_COMPILER_GLOBAL_ACCENT_COLOR_NAME = AccentColor;
				CODE_SIGN_STYLE = Automatic;
				CURRENT_PROJECT_VERSION = 1;
				DEVELOPMENT_TEAM = L22KGAL4ND;
				GENERATE_INFOPLIST_FILE = YES;
				INFOPLIST_FILE = Millie_iOS/Info.plist;
				INFOPLIST_KEY_UIApplicationSupportsIndirectInputEvents = YES;
				INFOPLIST_KEY_UILaunchStoryboardName = LaunchScreen;
				INFOPLIST_KEY_UISupportedInterfaceOrientations_iPad = "UIInterfaceOrientationPortrait UIInterfaceOrientationPortraitUpsideDown UIInterfaceOrientationLandscapeLeft UIInterfaceOrientationLandscapeRight";
				INFOPLIST_KEY_UISupportedInterfaceOrientations_iPhone = "UIInterfaceOrientationPortrait UIInterfaceOrientationLandscapeLeft UIInterfaceOrientationLandscapeRight";
				LD_RUNPATH_SEARCH_PATHS = (
					"$(inherited)",
					"@executable_path/Frameworks",
				);
				MARKETING_VERSION = 1.0;
				PRODUCT_BUNDLE_IDENTIFIER = "shinjiwon.Millie-iOS";
				PRODUCT_NAME = "$(TARGET_NAME)";
				SWIFT_EMIT_LOC_STRINGS = YES;
				SWIFT_VERSION = 5.0;
				TARGETED_DEVICE_FAMILY = "1,2";
			};
			name = Release;
		};
/* End XCBuildConfiguration section */

/* Begin XCConfigurationList section */
		2CA96A752B0A7D00007074F8 /* Build configuration list for PBXProject "Millie_iOS" */ = {
			isa = XCConfigurationList;
			buildConfigurations = (
				2CA96A8C2B0A7D01007074F8 /* Debug */,
				2CA96A8D2B0A7D01007074F8 /* Release */,
			);
			defaultConfigurationIsVisible = 0;
			defaultConfigurationName = Release;
		};
		2CA96A8E2B0A7D01007074F8 /* Build configuration list for PBXNativeTarget "Millie_iOS" */ = {
			isa = XCConfigurationList;
			buildConfigurations = (
				2CA96A8F2B0A7D01007074F8 /* Debug */,
				2CA96A902B0A7D01007074F8 /* Release */,
			);
			defaultConfigurationIsVisible = 0;
			defaultConfigurationName = Release;
		};
/* End XCConfigurationList section */

/* Begin XCRemoteSwiftPackageReference section */
		2CA96A9D2B0A7F62007074F8 /* XCRemoteSwiftPackageReference "SnapKit" */ = {
			isa = XCRemoteSwiftPackageReference;
			repositoryURL = "https://github.com/SnapKit/SnapKit";
			requirement = {
				kind = upToNextMajorVersion;
				minimumVersion = 5.6.0;
			};
		};
		2CA96AAC2B0A8578007074F8 /* XCRemoteSwiftPackageReference "Kingfisher" */ = {
			isa = XCRemoteSwiftPackageReference;
			repositoryURL = "https://github.com/onevcat/Kingfisher";
			requirement = {
				kind = upToNextMajorVersion;
				minimumVersion = 7.10.0;
			};
		};
/* End XCRemoteSwiftPackageReference section */

/* Begin XCSwiftPackageProductDependency section */
		2CA96A9E2B0A7F62007074F8 /* SnapKit */ = {
			isa = XCSwiftPackageProductDependency;
			package = 2CA96A9D2B0A7F62007074F8 /* XCRemoteSwiftPackageReference "SnapKit" */;
			productName = SnapKit;
		};
		2CA96AA02B0A7F62007074F8 /* SnapKit-Dynamic */ = {
			isa = XCSwiftPackageProductDependency;
			package = 2CA96A9D2B0A7F62007074F8 /* XCRemoteSwiftPackageReference "SnapKit" */;
			productName = "SnapKit-Dynamic";
		};
		2CA96AAD2B0A8578007074F8 /* Kingfisher */ = {
			isa = XCSwiftPackageProductDependency;
			package = 2CA96AAC2B0A8578007074F8 /* XCRemoteSwiftPackageReference "Kingfisher" */;
			productName = Kingfisher;
		};
/* End XCSwiftPackageProductDependency section */
	};
	rootObject = 2CA96A722B0A7D00007074F8 /* Project object */;
}
